# generated by rye
# use `rye lock` or `rye sync` to update this lockfile
#
# last locked with the following flags:
#   pre: false
#   features: []
#   all-features: false
#   with-sources: false
#   generate-hashes: false
#   universal: false

-e file:.
av==13.0.0
    # via djitellopy
djitellopy==2.5.0
    # via tello-face-follow
numpy==1.26.3
    # via djitellopy
    # via opencv-contrib-python
    # via opencv-python
opencv-contrib-python==4.10.0.84
    # via tello-face-follow
opencv-python==4.10.0.84
    # via djitellopy
    # via tello-face-follow
pillow==10.2.0
    # via djitellopy
